{
  "name": "typescript-demo",
  "lockfileVersion": 2,
  "requires": true,
  "packages": {
    "": {
      "dependencies": {
        "ntypescript": "^1.201706190042.1"
      }
    },
    "node_modules/ntypescript": {
      "version": "1.201706190042.1",
      "resolved": "https://registry.npmmirror.com/ntypescript/-/ntypescript-1.201706190042.1.tgz",
      "integrity": "sha512-8I6UIASspQtJTJfjDYmib8TshHE039pSsmR41aGIVkZWgSIxo2Rf5z2wyDMBzU04sq+BrAAJudHUGhMYec/WiA==",
      "bin": {
        "ntsc": "bin/tsc"
      }
    }
  },
  "dependencies": {
    "ntypescript": {
      "version": "1.201706190042.1",
      "resolved": "https://registry.npmmirror.com/ntypescript/-/ntypescript-1.201706190042.1.tgz",
      "integrity": "sha512-8I6UIASspQtJTJfjDYmib8TshHE039pSsmR41aGIVkZWgSIxo2Rf5z2wyDMBzU04sq+BrAAJudHUGhMYec/WiA=="
    }
  }
}
